
Microsoft Visual Studio Solution File, Format Version 12.00
# Visual Studio Version 17
VisualStudioVersion = 17.8.34511.84
MinimumVisualStudioVersion = 10.0.40219.1
Project("{FAE04EC0-301F-11D3-BF4B-00C04F79EFBC}") = "PromptProfiller", "PromptProfiller.csproj", "{BFB7399C-AC0B-4035-BED9-B8A5CE1B534C}"
EndProject
Global
	GlobalSection(SolutionConfigurationPlatforms) = preSolution
		Debug|Any CPU = Debug|Any CPU
		Release|Any CPU = Release|Any CPU
	EndGlobalSection
	GlobalSection(ProjectConfigurationPlatforms) = postSolution
		{BFB7399C-AC0B-4035-BED9-B8A5CE1B534C}.Debug|Any CPU.ActiveCfg = Debug|Any CPU
		{BFB7399C-AC0B-4035-BED9-B8A5CE1B534C}.Debug|Any CPU.Build.0 = Debug|Any CPU
		{BFB7399C-AC0B-4035-BED9-B8A5CE1B534C}.Release|Any CPU.ActiveCfg = Release|Any CPU
		{BFB7399C-AC0B-4035-BED9-B8A5CE1B534C}.Release|Any CPU.Build.0 = Release|Any CPU
	EndGlobalSection
	GlobalSection(SolutionProperties) = preSolution
		HideSolutionNode = FALSE
	EndGlobalSection
	GlobalSection(ExtensibilityGlobals) = postSolution
		SolutionGuid = {211B5E2F-6079-41DB-B545-989A31ADCA0E}
	EndGlobalSection
EndGlobal
